
Microsoft Visual Studio Solution File, Format Version 12.00
# Visual Studio Version 16
VisualStudioVersion = 16.0.30611.23
MinimumVisualStudioVersion = 10.0.40219.1
Project("{FAE04EC0-301F-11D3-BF4B-00C04F79EFBC}") = "Model_Binding_MVC", "Model_Binding_MVC\Model_Binding_MVC.csproj", "{A6D067EC-D646-41A3-A917-E49E5CC7597A}"
EndProject
Global
	GlobalSection(SolutionConfigurationPlatforms) = preSolution
		Debug|Any CPU = Debug|Any CPU
		Release|Any CPU = Release|Any CPU
	EndGlobalSection
	GlobalSection(ProjectConfigurationPlatforms) = postSolution
		{A6D067EC-D646-41A3-A917-E49E5CC7597A}.Debug|Any CPU.ActiveCfg = Debug|Any CPU
		{A6D067EC-D646-41A3-A917-E49E5CC7597A}.Debug|Any CPU.Build.0 = Debug|Any CPU
		{A6D067EC-D646-41A3-A917-E49E5CC7597A}.Release|Any CPU.ActiveCfg = Release|Any CPU
		{A6D067EC-D646-41A3-A917-E49E5CC7597A}.Release|Any CPU.Build.0 = Release|Any CPU
	EndGlobalSection
	GlobalSection(SolutionProperties) = preSolution
		HideSolutionNode = FALSE
	EndGlobalSection
	GlobalSection(ExtensibilityGlobals) = postSolution
		SolutionGuid = {44CF210A-2765-4E47-9206-167BFDAD1BE2}
	EndGlobalSection
EndGlobal
